// !$*UTF8*$!
{
	archiveVersion = 1;
	classes = {
	};
	objectVersion = 50;
	objects = {

/* Begin PBXBuildFile section */
		802737F5266C10F200BA4AD5 /* AppDelegate.swift in Sources */ = {isa = PBXBuildFile; fileRef = 802737F4266C10F200BA4AD5 /* AppDelegate.swift */; };
		802737F7266C10F200BA4AD5 /* SceneDelegate.swift in Sources */ = {isa = PBXBuildFile; fileRef = 802737F6266C10F200BA4AD5 /* SceneDelegate.swift */; };
		802737FE266C10F200BA4AD5 /* Assets.xcassets in Resources */ = {isa = PBXBuildFile; fileRef = 802737FD266C10F200BA4AD5 /* Assets.xcassets */; };
		80273801266C10F200BA4AD5 /* LaunchScreen.storyboard in Resources */ = {isa = PBXBuildFile; fileRef = 802737FF266C10F200BA4AD5 /* LaunchScreen.storyboard */; };
		80273813266C140000BA4AD5 /* ListOfMeetingsViewController.swift in Sources */ = {isa = PBXBuildFile; fileRef = 80273812266C140000BA4AD5 /* ListOfMeetingsViewController.swift */; };
		80273822266C198800BA4AD5 /* Constants.swift in Sources */ = {isa = PBXBuildFile; fileRef = 80273821266C198800BA4AD5 /* Constants.swift */; };
		80273832266C218300BA4AD5 /* ListOfMeetingsModel.swift in Sources */ = {isa = PBXBuildFile; fileRef = 80273831266C218300BA4AD5 /* ListOfMeetingsModel.swift */; };
		80273836266C223E00BA4AD5 /* MeetingModel.swift in Sources */ = {isa = PBXBuildFile; fileRef = 80273835266C223E00BA4AD5 /* MeetingModel.swift */; };
		8027383D266C22E000BA4AD5 /* MeetingViewController.swift in Sources */ = {isa = PBXBuildFile; fileRef = 8027383C266C22E000BA4AD5 /* MeetingViewController.swift */; };
		80273849266C248700BA4AD5 /* Service.swift in Sources */ = {isa = PBXBuildFile; fileRef = 80273848266C248700BA4AD5 /* Service.swift */; };
		8027384E266C280100BA4AD5 /* API.swift in Sources */ = {isa = PBXBuildFile; fileRef = 8027384D266C280100BA4AD5 /* API.swift */; };
		80273851266C2ED500BA4AD5 /* Request.swift in Sources */ = {isa = PBXBuildFile; fileRef = 80273850266C2ED500BA4AD5 /* Request.swift */; };
		80273855266C377300BA4AD5 /* ListOfMeetingsViewModel.swift in Sources */ = {isa = PBXBuildFile; fileRef = 80273854266C377300BA4AD5 /* ListOfMeetingsViewModel.swift */; };
		8027385E266C4D2600BA4AD5 /* MeetingViewModel.swift in Sources */ = {isa = PBXBuildFile; fileRef = 8027385D266C4D2600BA4AD5 /* MeetingViewModel.swift */; };
		80273862266C577C00BA4AD5 /* ViewConfiguration.swift in Sources */ = {isa = PBXBuildFile; fileRef = 80273861266C577C00BA4AD5 /* ViewConfiguration.swift */; };
		80273865266C5D0A00BA4AD5 /* MeetingListItemTableViewCell.swift in Sources */ = {isa = PBXBuildFile; fileRef = 80273864266C5D0A00BA4AD5 /* MeetingListItemTableViewCell.swift */; };
		8027386D266D290200BA4AD5 /* String+Extensions.swift in Sources */ = {isa = PBXBuildFile; fileRef = 8027386C266D290200BA4AD5 /* String+Extensions.swift */; };
		80273870266D2B4600BA4AD5 /* UIDevice+Extensions.swift in Sources */ = {isa = PBXBuildFile; fileRef = 8027386F266D2B4600BA4AD5 /* UIDevice+Extensions.swift */; };
/* End PBXBuildFile section */

/* Begin PBXFileReference section */
		802737F1266C10F200BA4AD5 /* meeting notes.app */ = {isa = PBXFileReference; explicitFileType = wrapper.application; includeInIndex = 0; path = "meeting notes.app"; sourceTree = BUILT_PRODUCTS_DIR; };
		802737F4266C10F200BA4AD5 /* AppDelegate.swift */ = {isa = PBXFileReference; lastKnownFileType = sourcecode.swift; path = AppDelegate.swift; sourceTree = "<group>"; };
		802737F6266C10F200BA4AD5 /* SceneDelegate.swift */ = {isa = PBXFileReference; lastKnownFileType = sourcecode.swift; path = SceneDelegate.swift; sourceTree = "<group>"; };
		802737FD266C10F200BA4AD5 /* Assets.xcassets */ = {isa = PBXFileReference; lastKnownFileType = folder.assetcatalog; path = Assets.xcassets; sourceTree = "<group>"; };
		80273800266C10F200BA4AD5 /* Base */ = {isa = PBXFileReference; lastKnownFileType = file.storyboard; name = Base; path = Base.lproj/LaunchScreen.storyboard; sourceTree = "<group>"; };
		80273802266C10F200BA4AD5 /* Info.plist */ = {isa = PBXFileReference; lastKnownFileType = text.plist.xml; path = Info.plist; sourceTree = "<group>"; };
		80273812266C140000BA4AD5 /* ListOfMeetingsViewController.swift */ = {isa = PBXFileReference; lastKnownFileType = sourcecode.swift; path = ListOfMeetingsViewController.swift; sourceTree = "<group>"; };
		80273821266C198800BA4AD5 /* Constants.swift */ = {isa = PBXFileReference; lastKnownFileType = sourcecode.swift; path = Constants.swift; sourceTree = "<group>"; };
		80273831266C218300BA4AD5 /* ListOfMeetingsModel.swift */ = {isa = PBXFileReference; lastKnownFileType = sourcecode.swift; path = ListOfMeetingsModel.swift; sourceTree = "<group>"; };
		80273835266C223E00BA4AD5 /* MeetingModel.swift */ = {isa = PBXFileReference; lastKnownFileType = sourcecode.swift; path = MeetingModel.swift; sourceTree = "<group>"; };
		8027383C266C22E000BA4AD5 /* MeetingViewController.swift */ = {isa = PBXFileReference; lastKnownFileType = sourcecode.swift; path = MeetingViewController.swift; sourceTree = "<group>"; };
		80273848266C248700BA4AD5 /* Service.swift */ = {isa = PBXFileReference; lastKnownFileType = sourcecode.swift; path = Service.swift; sourceTree = "<group>"; };
		8027384D266C280100BA4AD5 /* API.swift */ = {isa = PBXFileReference; lastKnownFileType = sourcecode.swift; path = API.swift; sourceTree = "<group>"; };
		80273850266C2ED500BA4AD5 /* Request.swift */ = {isa = PBXFileReference; lastKnownFileType = sourcecode.swift; path = Request.swift; sourceTree = "<group>"; };
		80273854266C377300BA4AD5 /* ListOfMeetingsViewModel.swift */ = {isa = PBXFileReference; lastKnownFileType = sourcecode.swift; path = ListOfMeetingsViewModel.swift; sourceTree = "<group>"; };
		8027385D266C4D2600BA4AD5 /* MeetingViewModel.swift */ = {isa = PBXFileReference; lastKnownFileType = sourcecode.swift; path = MeetingViewModel.swift; sourceTree = "<group>"; };
		80273861266C577C00BA4AD5 /* ViewConfiguration.swift */ = {isa = PBXFileReference; lastKnownFileType = sourcecode.swift; path = ViewConfiguration.swift; sourceTree = "<group>"; };
		80273864266C5D0A00BA4AD5 /* MeetingListItemTableViewCell.swift */ = {isa = PBXFileReference; lastKnownFileType = sourcecode.swift; path = MeetingListItemTableViewCell.swift; sourceTree = "<group>"; };
		8027386C266D290200BA4AD5 /* String+Extensions.swift */ = {isa = PBXFileReference; lastKnownFileType = sourcecode.swift; path = "String+Extensions.swift"; sourceTree = "<group>"; };
		8027386F266D2B4600BA4AD5 /* UIDevice+Extensions.swift */ = {isa = PBXFileReference; lastKnownFileType = sourcecode.swift; path = "UIDevice+Extensions.swift"; sourceTree = "<group>"; };
/* End PBXFileReference section */

/* Begin PBXFrameworksBuildPhase section */
		802737EE266C10F200BA4AD5 /* Frameworks */ = {
			isa = PBXFrameworksBuildPhase;
			buildActionMask = 2147483647;
			files = (
			);
			runOnlyForDeploymentPostprocessing = 0;
		};
/* End PBXFrameworksBuildPhase section */

/* Begin PBXGroup section */
		802737E8266C10F200BA4AD5 = {
			isa = PBXGroup;
			children = (
				802737F3266C10F200BA4AD5 /* meeting notes */,
				802737F2266C10F200BA4AD5 /* Products */,
			);
			sourceTree = "<group>";
		};
		802737F2266C10F200BA4AD5 /* Products */ = {
			isa = PBXGroup;
			children = (
				802737F1266C10F200BA4AD5 /* meeting notes.app */,
			);
			name = Products;
			sourceTree = "<group>";
		};
		802737F3266C10F200BA4AD5 /* meeting notes */ = {
			isa = PBXGroup;
			children = (
				802737F4266C10F200BA4AD5 /* AppDelegate.swift */,
				802737F6266C10F200BA4AD5 /* SceneDelegate.swift */,
				802737FD266C10F200BA4AD5 /* Assets.xcassets */,
				802737FF266C10F200BA4AD5 /* LaunchScreen.storyboard */,
				80273802266C10F200BA4AD5 /* Info.plist */,
				80273820266C18E100BA4AD5 /* Commom */,
				80273839266C22B700BA4AD5 /* ListOfMeetings */,
				80273840266C22F600BA4AD5 /* Meeting */,
				8027384B266C248B00BA4AD5 /* Network */,
			);
			path = "meeting notes";
			sourceTree = "<group>";
		};
		80273820266C18E100BA4AD5 /* Commom */ = {
			isa = PBXGroup;
			children = (
				80273821266C198800BA4AD5 /* Constants.swift */,
				80273861266C577C00BA4AD5 /* ViewConfiguration.swift */,
				8027386C266D290200BA4AD5 /* String+Extensions.swift */,
				8027386F266D2B4600BA4AD5 /* UIDevice+Extensions.swift */,
			);
			name = Commom;
			sourceTree = "<group>";
		};
		80273839266C22B700BA4AD5 /* ListOfMeetings */ = {
			isa = PBXGroup;
			children = (
				8027383B266C22C800BA4AD5 /* Model */,
				80273868266C5D2B00BA4AD5 /* View */,
				80273857266C377700BA4AD5 /* ViewModel */,
			);
			name = ListOfMeetings;
			sourceTree = "<group>";
		};
		8027383A266C22C100BA4AD5 /* ViewController */ = {
			isa = PBXGroup;
			children = (
				80273812266C140000BA4AD5 /* ListOfMeetingsViewController.swift */,
			);
			name = ViewController;
			sourceTree = "<group>";
		};
		8027383B266C22C800BA4AD5 /* Model */ = {
			isa = PBXGroup;
			children = (
				80273831266C218300BA4AD5 /* ListOfMeetingsModel.swift */,
			);
			name = Model;
			sourceTree = "<group>";
		};
		80273840266C22F600BA4AD5 /* Meeting */ = {
			isa = PBXGroup;
			children = (
				80273842266C230100BA4AD5 /* Model */,
				80273869266C5D3C00BA4AD5 /* View */,
				80273860266C4F5E00BA4AD5 /* MeetingViewModel */,
			);
			name = Meeting;
			sourceTree = "<group>";
		};
		80273841266C22FC00BA4AD5 /* ViewController */ = {
			isa = PBXGroup;
			children = (
				8027383C266C22E000BA4AD5 /* MeetingViewController.swift */,
			);
			name = ViewController;
			sourceTree = "<group>";
		};
		80273842266C230100BA4AD5 /* Model */ = {
			isa = PBXGroup;
			children = (
				80273835266C223E00BA4AD5 /* MeetingModel.swift */,
			);
			name = Model;
			sourceTree = "<group>";
		};
		8027384B266C248B00BA4AD5 /* Network */ = {
			isa = PBXGroup;
			children = (
				8027384D266C280100BA4AD5 /* API.swift */,
				80273848266C248700BA4AD5 /* Service.swift */,
				80273850266C2ED500BA4AD5 /* Request.swift */,
			);
			name = Network;
			sourceTree = "<group>";
		};
		80273857266C377700BA4AD5 /* ViewModel */ = {
			isa = PBXGroup;
			children = (
				80273854266C377300BA4AD5 /* ListOfMeetingsViewModel.swift */,
			);
			name = ViewModel;
			sourceTree = "<group>";
		};
		80273860266C4F5E00BA4AD5 /* MeetingViewModel */ = {
			isa = PBXGroup;
			children = (
				8027385D266C4D2600BA4AD5 /* MeetingViewModel.swift */,
			);
			name = MeetingViewModel;
			sourceTree = "<group>";
		};
		80273867266C5D0F00BA4AD5 /* TableViewCell */ = {
			isa = PBXGroup;
			children = (
				80273864266C5D0A00BA4AD5 /* MeetingListItemTableViewCell.swift */,
			);
			name = TableViewCell;
			sourceTree = "<group>";
		};
		80273868266C5D2B00BA4AD5 /* View */ = {
			isa = PBXGroup;
			children = (
				8027383A266C22C100BA4AD5 /* ViewController */,
				80273867266C5D0F00BA4AD5 /* TableViewCell */,
			);
			name = View;
			sourceTree = "<group>";
		};
		80273869266C5D3C00BA4AD5 /* View */ = {
			isa = PBXGroup;
			children = (
				80273841266C22FC00BA4AD5 /* ViewController */,
			);
			name = View;
			sourceTree = "<group>";
		};
/* End PBXGroup section */

/* Begin PBXNativeTarget section */
		802737F0266C10F200BA4AD5 /* meeting notes */ = {
			isa = PBXNativeTarget;
			buildConfigurationList = 80273805266C10F200BA4AD5 /* Build configuration list for PBXNativeTarget "meeting notes" */;
			buildPhases = (
				802737ED266C10F200BA4AD5 /* Sources */,
				802737EE266C10F200BA4AD5 /* Frameworks */,
				802737EF266C10F200BA4AD5 /* Resources */,
			);
			buildRules = (
			);
			dependencies = (
			);
			name = "meeting notes";
			productName = "meeting notes";
			productReference = 802737F1266C10F200BA4AD5 /* meeting notes.app */;
			productType = "com.apple.product-type.application";
		};
/* End PBXNativeTarget section */

/* Begin PBXProject section */
		802737E9266C10F200BA4AD5 /* Project object */ = {
			isa = PBXProject;
			attributes = {
				LastSwiftUpdateCheck = 1230;
				LastUpgradeCheck = 1230;
				TargetAttributes = {
					802737F0266C10F200BA4AD5 = {
						CreatedOnToolsVersion = 12.3;
					};
				};
			};
			buildConfigurationList = 802737EC266C10F200BA4AD5 /* Build configuration list for PBXProject "meeting notes" */;
			compatibilityVersion = "Xcode 9.3";
			developmentRegion = en;
			hasScannedForEncodings = 0;
			knownRegions = (
				en,
				Base,
			);
			mainGroup = 802737E8266C10F200BA4AD5;
			productRefGroup = 802737F2266C10F200BA4AD5 /* Products */;
			projectDirPath = "";
			projectRoot = "";
			targets = (
				802737F0266C10F200BA4AD5 /* meeting notes */,
			);
		};
/* End PBXProject section */

/* Begin PBXResourcesBuildPhase section */
		802737EF266C10F200BA4AD5 /* Resources */ = {
			isa = PBXResourcesBuildPhase;
			buildActionMask = 2147483647;
			files = (
				80273801266C10F200BA4AD5 /* LaunchScreen.storyboard in Resources */,
				802737FE266C10F200BA4AD5 /* Assets.xcassets in Resources */,
			);
			runOnlyForDeploymentPostprocessing = 0;
		};
/* End PBXResourcesBuildPhase section */

/* Begin PBXSourcesBuildPhase section */
		802737ED266C10F200BA4AD5 /* Sources */ = {
			isa = PBXSourcesBuildPhase;
			buildActionMask = 2147483647;
			files = (
				80273813266C140000BA4AD5 /* ListOfMeetingsViewController.swift in Sources */,
				802737F5266C10F200BA4AD5 /* AppDelegate.swift in Sources */,
				8027385E266C4D2600BA4AD5 /* MeetingViewModel.swift in Sources */,
				80273862266C577C00BA4AD5 /* ViewConfiguration.swift in Sources */,
				8027383D266C22E000BA4AD5 /* MeetingViewController.swift in Sources */,
				802737F7266C10F200BA4AD5 /* SceneDelegate.swift in Sources */,
				80273855266C377300BA4AD5 /* ListOfMeetingsViewModel.swift in Sources */,
				80273832266C218300BA4AD5 /* ListOfMeetingsModel.swift in Sources */,
				80273822266C198800BA4AD5 /* Constants.swift in Sources */,
				80273849266C248700BA4AD5 /* Service.swift in Sources */,
				8027386D266D290200BA4AD5 /* String+Extensions.swift in Sources */,
				80273865266C5D0A00BA4AD5 /* MeetingListItemTableViewCell.swift in Sources */,
				80273851266C2ED500BA4AD5 /* Request.swift in Sources */,
				80273870266D2B4600BA4AD5 /* UIDevice+Extensions.swift in Sources */,
				8027384E266C280100BA4AD5 /* API.swift in Sources */,
				80273836266C223E00BA4AD5 /* MeetingModel.swift in Sources */,
			);
			runOnlyForDeploymentPostprocessing = 0;
		};
/* End PBXSourcesBuildPhase section */

/* Begin PBXVariantGroup section */
		802737FF266C10F200BA4AD5 /* LaunchScreen.storyboard */ = {
			isa = PBXVariantGroup;
			children = (
				80273800266C10F200BA4AD5 /* Base */,
			);
			name = LaunchScreen.storyboard;
			sourceTree = "<group>";
		};
/* End PBXVariantGroup section */

/* Begin XCBuildConfiguration section */
		80273803266C10F200BA4AD5 /* Debug */ = {
			isa = XCBuildConfiguration;
			buildSettings = {
				ALWAYS_SEARCH_USER_PATHS = NO;
				CLANG_ANALYZER_NONNULL = YES;
				CLANG_ANALYZER_NUMBER_OBJECT_CONVERSION = YES_AGGRESSIVE;
				CLANG_CXX_LANGUAGE_STANDARD = "gnu++14";
				CLANG_CXX_LIBRARY = "libc++";
				CLANG_ENABLE_MODULES = YES;
				CLANG_ENABLE_OBJC_ARC = YES;
				CLANG_ENABLE_OBJC_WEAK = YES;
				CLANG_WARN_BLOCK_CAPTURE_AUTORELEASING = YES;
				CLANG_WARN_BOOL_CONVERSION = YES;
				CLANG_WARN_COMMA = YES;
				CLANG_WARN_CONSTANT_CONVERSION = YES;
				CLANG_WARN_DEPRECATED_OBJC_IMPLEMENTATIONS = YES;
				CLANG_WARN_DIRECT_OBJC_ISA_USAGE = YES_ERROR;
				CLANG_WARN_DOCUMENTATION_COMMENTS = YES;
				CLANG_WARN_EMPTY_BODY = YES;
				CLANG_WARN_ENUM_CONVERSION = YES;
				CLANG_WARN_INFINITE_RECURSION = YES;
				CLANG_WARN_INT_CONVERSION = YES;
				CLANG_WARN_NON_LITERAL_NULL_CONVERSION = YES;
				CLANG_WARN_OBJC_IMPLICIT_RETAIN_SELF = YES;
				CLANG_WARN_OBJC_LITERAL_CONVERSION = YES;
				CLANG_WARN_OBJC_ROOT_CLASS = YES_ERROR;
				CLANG_WARN_QUOTED_INCLUDE_IN_FRAMEWORK_HEADER = YES;
				CLANG_WARN_RANGE_LOOP_ANALYSIS = YES;
				CLANG_WARN_STRICT_PROTOTYPES = YES;
				CLANG_WARN_SUSPICIOUS_MOVE = YES;
				CLANG_WARN_UNGUARDED_AVAILABILITY = YES_AGGRESSIVE;
				CLANG_WARN_UNREACHABLE_CODE = YES;
				CLANG_WARN__DUPLICATE_METHOD_MATCH = YES;
				COPY_PHASE_STRIP = NO;
				DEBUG_INFORMATION_FORMAT = dwarf;
				ENABLE_STRICT_OBJC_MSGSEND = YES;
				ENABLE_TESTABILITY = YES;
				GCC_C_LANGUAGE_STANDARD = gnu11;
				GCC_DYNAMIC_NO_PIC = NO;
				GCC_NO_COMMON_BLOCKS = YES;
				GCC_OPTIMIZATION_LEVEL = 0;
				GCC_PREPROCESSOR_DEFINITIONS = (
					"DEBUG=1",
					"$(inherited)",
				);
				GCC_WARN_64_TO_32_BIT_CONVERSION = YES;
				GCC_WARN_ABOUT_RETURN_TYPE = YES_ERROR;
				GCC_WARN_UNDECLARED_SELECTOR = YES;
				GCC_WARN_UNINITIALIZED_AUTOS = YES_AGGRESSIVE;
				GCC_WARN_UNUSED_FUNCTION = YES;
				GCC_WARN_UNUSED_VARIABLE = YES;
				IPHONEOS_DEPLOYMENT_TARGET = 14.3;
				MTL_ENABLE_DEBUG_INFO = INCLUDE_SOURCE;
				MTL_FAST_MATH = YES;
				ONLY_ACTIVE_ARCH = YES;
				SDKROOT = iphoneos;
				SWIFT_ACTIVE_COMPILATION_CONDITIONS = DEBUG;
				SWIFT_OPTIMIZATION_LEVEL = "-Onone";
			};
			name = Debug;
		};
		80273804266C10F200BA4AD5 /* Release */ = {
			isa = XCBuildConfiguration;
			buildSettings = {
				ALWAYS_SEARCH_USER_PATHS = NO;
				CLANG_ANALYZER_NONNULL = YES;
				CLANG_ANALYZER_NUMBER_OBJECT_CONVERSION = YES_AGGRESSIVE;
				CLANG_CXX_LANGUAGE_STANDARD = "gnu++14";
				CLANG_CXX_LIBRARY = "libc++";
				CLANG_ENABLE_MODULES = YES;
				CLANG_ENABLE_OBJC_ARC = YES;
				CLANG_ENABLE_OBJC_WEAK = YES;
				CLANG_WARN_BLOCK_CAPTURE_AUTORELEASING = YES;
				CLANG_WARN_BOOL_CONVERSION = YES;
				CLANG_WARN_COMMA = YES;
				CLANG_WARN_CONSTANT_CONVERSION = YES;
				CLANG_WARN_DEPRECATED_OBJC_IMPLEMENTATIONS = YES;
				CLANG_WARN_DIRECT_OBJC_ISA_USAGE = YES_ERROR;
				CLANG_WARN_DOCUMENTATION_COMMENTS = YES;
				CLANG_WARN_EMPTY_BODY = YES;
				CLANG_WARN_ENUM_CONVERSION = YES;
				CLANG_WARN_INFINITE_RECURSION = YES;
				CLANG_WARN_INT_CONVERSION = YES;
				CLANG_WARN_NON_LITERAL_NULL_CONVERSION = YES;
				CLANG_WARN_OBJC_IMPLICIT_RETAIN_SELF = YES;
				CLANG_WARN_OBJC_LITERAL_CONVERSION = YES;
				CLANG_WARN_OBJC_ROOT_CLASS = YES_ERROR;
				CLANG_WARN_QUOTED_INCLUDE_IN_FRAMEWORK_HEADER = YES;
				CLANG_WARN_RANGE_LOOP_ANALYSIS = YES;
				CLANG_WARN_STRICT_PROTOTYPES = YES;
				CLANG_WARN_SUSPICIOUS_MOVE = YES;
				CLANG_WARN_UNGUARDED_AVAILABILITY = YES_AGGRESSIVE;
				CLANG_WARN_UNREACHABLE_CODE = YES;
				CLANG_WARN__DUPLICATE_METHOD_MATCH = YES;
				COPY_PHASE_STRIP = NO;
				DEBUG_INFORMATION_FORMAT = "dwarf-with-dsym";
				ENABLE_NS_ASSERTIONS = NO;
				ENABLE_STRICT_OBJC_MSGSEND = YES;
				GCC_C_LANGUAGE_STANDARD = gnu11;
				GCC_NO_COMMON_BLOCKS = YES;
				GCC_WARN_64_TO_32_BIT_CONVERSION = YES;
				GCC_WARN_ABOUT_RETURN_TYPE = YES_ERROR;
				GCC_WARN_UNDECLARED_SELECTOR = YES;
				GCC_WARN_UNINITIALIZED_AUTOS = YES_AGGRESSIVE;
				GCC_WARN_UNUSED_FUNCTION = YES;
				GCC_WARN_UNUSED_VARIABLE = YES;
				IPHONEOS_DEPLOYMENT_TARGET = 14.3;
				MTL_ENABLE_DEBUG_INFO = NO;
				MTL_FAST_MATH = YES;
				SDKROOT = iphoneos;
				SWIFT_COMPILATION_MODE = wholemodule;
				SWIFT_OPTIMIZATION_LEVEL = "-O";
				VALIDATE_PRODUCT = YES;
			};
			name = Release;
		};
		80273806266C10F200BA4AD5 /* Debug */ = {
			isa = XCBuildConfiguration;
			buildSettings = {
				ASSETCATALOG_COMPILER_APPICON_NAME = AppIcon;
				ASSETCATALOG_COMPILER_GLOBAL_ACCENT_COLOR_NAME = AccentColor;
				CODE_SIGN_STYLE = Automatic;
				DEVELOPMENT_TEAM = R95CT9ATA8;
				INFOPLIST_FILE = "meeting notes/Info.plist";
				LD_RUNPATH_SEARCH_PATHS = (
					"$(inherited)",
					"@executable_path/Frameworks",
				);
				PRODUCT_BUNDLE_IDENTIFIER = "matheusmpedrosa.meeting-notes";
				PRODUCT_NAME = "$(TARGET_NAME)";
				SWIFT_VERSION = 5.0;
				TARGETED_DEVICE_FAMILY = "1,2";
			};
			name = Debug;
		};
		80273807266C10F200BA4AD5 /* Release */ = {
			isa = XCBuildConfiguration;
			buildSettings = {
				ASSETCATALOG_COMPILER_APPICON_NAME = AppIcon;
				ASSETCATALOG_COMPILER_GLOBAL_ACCENT_COLOR_NAME = AccentColor;
				CODE_SIGN_STYLE = Automatic;
				DEVELOPMENT_TEAM = R95CT9ATA8;
				INFOPLIST_FILE = "meeting notes/Info.plist";
				LD_RUNPATH_SEARCH_PATHS = (
					"$(inherited)",
					"@executable_path/Frameworks",
				);
				PRODUCT_BUNDLE_IDENTIFIER = "matheusmpedrosa.meeting-notes";
				PRODUCT_NAME = "$(TARGET_NAME)";
				SWIFT_VERSION = 5.0;
				TARGETED_DEVICE_FAMILY = "1,2";
			};
			name = Release;
		};
/* End XCBuildConfiguration section */

/* Begin XCConfigurationList section */
		802737EC266C10F200BA4AD5 /* Build configuration list for PBXProject "meeting notes" */ = {
			isa = XCConfigurationList;
			buildConfigurations = (
				80273803266C10F200BA4AD5 /* Debug */,
				80273804266C10F200BA4AD5 /* Release */,
			);
			defaultConfigurationIsVisible = 0;
			defaultConfigurationName = Release;
		};
		80273805266C10F200BA4AD5 /* Build configuration list for PBXNativeTarget "meeting notes" */ = {
			isa = XCConfigurationList;
			buildConfigurations = (
				80273806266C10F200BA4AD5 /* Debug */,
				80273807266C10F200BA4AD5 /* Release */,
			);
			defaultConfigurationIsVisible = 0;
			defaultConfigurationName = Release;
		};
/* End XCConfigurationList section */
	};
	rootObject = 802737E9266C10F200BA4AD5 /* Project object */;
}
